
Microsoft Visual Studio Solution File, Format Version 12.00
# Visual Studio 15
VisualStudioVersion = 15.0.28307.645
MinimumVisualStudioVersion = 10.0.40219.1
Project("{9A19103F-16F7-4668-BE54-9A1E7A4F7556}") = "Lama", "Lama\Lama.csproj", "{4BC28B5A-F4DD-464B-87C9-1F9013A4597F}"
EndProject
Project("{9A19103F-16F7-4668-BE54-9A1E7A4F7556}") = "Lama.DataAccess", "Lama.DataAccess\Lama.DataAccess.csproj", "{4B0E20C0-1598-4BEB-88CB-1AEEFAE7932D}"
EndProject
Project("{9A19103F-16F7-4668-BE54-9A1E7A4F7556}") = "Lama.BusinessLogic", "Lama.BusinessLogic\Lama.BusinessLogic.csproj", "{C422CF2E-FE6B-4D10-B828-B753BA84233A}"
EndProject
Project("{9A19103F-16F7-4668-BE54-9A1E7A4F7556}") = "Lama.Domain", "Lama.Domain\Lama.Domain.csproj", "{A3A13C7E-C31C-4297-A144-3E24C8B7514A}"
EndProject
Project("{9A19103F-16F7-4668-BE54-9A1E7A4F7556}") = "Services", "..\Shared\Services\Services.csproj", "{1E992E0D-CE85-4B9E-9FF4-8AE011929CF0}"
EndProject
Global
	GlobalSection(SolutionConfigurationPlatforms) = preSolution
		Debug|Any CPU = Debug|Any CPU
		Release|Any CPU = Release|Any CPU
	EndGlobalSection
	GlobalSection(ProjectConfigurationPlatforms) = postSolution
		{4BC28B5A-F4DD-464B-87C9-1F9013A4597F}.Debug|Any CPU.ActiveCfg = Debug|Any CPU
		{4BC28B5A-F4DD-464B-87C9-1F9013A4597F}.Debug|Any CPU.Build.0 = Debug|Any CPU
		{4BC28B5A-F4DD-464B-87C9-1F9013A4597F}.Release|Any CPU.ActiveCfg = Release|Any CPU
		{4BC28B5A-F4DD-464B-87C9-1F9013A4597F}.Release|Any CPU.Build.0 = Release|Any CPU
		{4B0E20C0-1598-4BEB-88CB-1AEEFAE7932D}.Debug|Any CPU.ActiveCfg = Debug|Any CPU
		{4B0E20C0-1598-4BEB-88CB-1AEEFAE7932D}.Debug|Any CPU.Build.0 = Debug|Any CPU
		{4B0E20C0-1598-4BEB-88CB-1AEEFAE7932D}.Release|Any CPU.ActiveCfg = Release|Any CPU
		{4B0E20C0-1598-4BEB-88CB-1AEEFAE7932D}.Release|Any CPU.Build.0 = Release|Any CPU
		{C422CF2E-FE6B-4D10-B828-B753BA84233A}.Debug|Any CPU.ActiveCfg = Debug|Any CPU
		{C422CF2E-FE6B-4D10-B828-B753BA84233A}.Debug|Any CPU.Build.0 = Debug|Any CPU
		{C422CF2E-FE6B-4D10-B828-B753BA84233A}.Release|Any CPU.ActiveCfg = Release|Any CPU
		{C422CF2E-FE6B-4D10-B828-B753BA84233A}.Release|Any CPU.Build.0 = Release|Any CPU
		{A3A13C7E-C31C-4297-A144-3E24C8B7514A}.Debug|Any CPU.ActiveCfg = Debug|Any CPU
		{A3A13C7E-C31C-4297-A144-3E24C8B7514A}.Debug|Any CPU.Build.0 = Debug|Any CPU
		{A3A13C7E-C31C-4297-A144-3E24C8B7514A}.Release|Any CPU.ActiveCfg = Release|Any CPU
		{A3A13C7E-C31C-4297-A144-3E24C8B7514A}.Release|Any CPU.Build.0 = Release|Any CPU
		{1E992E0D-CE85-4B9E-9FF4-8AE011929CF0}.Debug|Any CPU.ActiveCfg = Debug|Any CPU
		{1E992E0D-CE85-4B9E-9FF4-8AE011929CF0}.Debug|Any CPU.Build.0 = Debug|Any CPU
		{1E992E0D-CE85-4B9E-9FF4-8AE011929CF0}.Release|Any CPU.ActiveCfg = Release|Any CPU
		{1E992E0D-CE85-4B9E-9FF4-8AE011929CF0}.Release|Any CPU.Build.0 = Release|Any CPU
	EndGlobalSection
	GlobalSection(SolutionProperties) = preSolution
		HideSolutionNode = FALSE
	EndGlobalSection
	GlobalSection(ExtensibilityGlobals) = postSolution
		SolutionGuid = {E833387F-B36F-4BC7-BF8B-18E8243869DB}
	EndGlobalSection
EndGlobal
