
Microsoft Visual Studio Solution File, Format Version 12.00
# Visual Studio Version 16
VisualStudioVersion = 16.0.29009.5
MinimumVisualStudioVersion = 10.0.40219.1
Project("{FAE04EC0-301F-11D3-BF4B-00C04F79EFBC}") = "Photo", "Photo\Photo.csproj", "{5DCF4D34-DBA7-4341-BF68-93CB8FD4E778}"
EndProject
Project("{FAE04EC0-301F-11D3-BF4B-00C04F79EFBC}") = "Photo.BusinessLogic", "Photo.BusinessLogic\Photo.BusinessLogic.csproj", "{6062D9E0-2FC3-437D-8C28-555802509EE0}"
EndProject
Project("{FAE04EC0-301F-11D3-BF4B-00C04F79EFBC}") = "Photo.Domain", "Photo.Domain\Photo.Domain.csproj", "{60DB57E8-F38E-4CA8-A21E-E384DC42FC93}"
EndProject
Project("{FAE04EC0-301F-11D3-BF4B-00C04F79EFBC}") = "Photo.DataAccess", "Photo.DataAccess\Photo.DataAccess.csproj", "{1C6BD330-16DE-42CE-AB77-A866EFAF0B1D}"
EndProject
Global
	GlobalSection(SolutionConfigurationPlatforms) = preSolution
		Debug|Any CPU = Debug|Any CPU
		Release|Any CPU = Release|Any CPU
	EndGlobalSection
	GlobalSection(ProjectConfigurationPlatforms) = postSolution
		{5DCF4D34-DBA7-4341-BF68-93CB8FD4E778}.Debug|Any CPU.ActiveCfg = Debug|Any CPU
		{5DCF4D34-DBA7-4341-BF68-93CB8FD4E778}.Debug|Any CPU.Build.0 = Debug|Any CPU
		{5DCF4D34-DBA7-4341-BF68-93CB8FD4E778}.Release|Any CPU.ActiveCfg = Release|Any CPU
		{5DCF4D34-DBA7-4341-BF68-93CB8FD4E778}.Release|Any CPU.Build.0 = Release|Any CPU
		{6062D9E0-2FC3-437D-8C28-555802509EE0}.Debug|Any CPU.ActiveCfg = Debug|Any CPU
		{6062D9E0-2FC3-437D-8C28-555802509EE0}.Debug|Any CPU.Build.0 = Debug|Any CPU
		{6062D9E0-2FC3-437D-8C28-555802509EE0}.Release|Any CPU.ActiveCfg = Release|Any CPU
		{6062D9E0-2FC3-437D-8C28-555802509EE0}.Release|Any CPU.Build.0 = Release|Any CPU
		{60DB57E8-F38E-4CA8-A21E-E384DC42FC93}.Debug|Any CPU.ActiveCfg = Debug|Any CPU
		{60DB57E8-F38E-4CA8-A21E-E384DC42FC93}.Debug|Any CPU.Build.0 = Debug|Any CPU
		{60DB57E8-F38E-4CA8-A21E-E384DC42FC93}.Release|Any CPU.ActiveCfg = Release|Any CPU
		{60DB57E8-F38E-4CA8-A21E-E384DC42FC93}.Release|Any CPU.Build.0 = Release|Any CPU
		{1C6BD330-16DE-42CE-AB77-A866EFAF0B1D}.Debug|Any CPU.ActiveCfg = Debug|Any CPU
		{1C6BD330-16DE-42CE-AB77-A866EFAF0B1D}.Debug|Any CPU.Build.0 = Debug|Any CPU
		{1C6BD330-16DE-42CE-AB77-A866EFAF0B1D}.Release|Any CPU.ActiveCfg = Release|Any CPU
		{1C6BD330-16DE-42CE-AB77-A866EFAF0B1D}.Release|Any CPU.Build.0 = Release|Any CPU
	EndGlobalSection
	GlobalSection(SolutionProperties) = preSolution
		HideSolutionNode = FALSE
	EndGlobalSection
	GlobalSection(ExtensibilityGlobals) = postSolution
		SolutionGuid = {79141372-40A7-4D79-940F-32D9EDC2C5AF}
	EndGlobalSection
EndGlobal
